
Microsoft Visual Studio Solution File, Format Version 12.00
# Visual Studio 2012
Project("{FAE04EC0-301F-11D3-BF4B-00C04F79EFBC}") = "SparkCoreTest", "SparkCoreTest\SparkCoreTest.csproj", "{848973E9-939D-4FA6-BC90-CCC6F110A3EE}"
EndProject
Global
	GlobalSection(SolutionConfigurationPlatforms) = preSolution
		Debug|Any CPU = Debug|Any CPU
		Release|Any CPU = Release|Any CPU
	EndGlobalSection
	GlobalSection(ProjectConfigurationPlatforms) = postSolution
		{848973E9-939D-4FA6-BC90-CCC6F110A3EE}.Debug|Any CPU.ActiveCfg = Debug|Any CPU
		{848973E9-939D-4FA6-BC90-CCC6F110A3EE}.Debug|Any CPU.Build.0 = Debug|Any CPU
		{848973E9-939D-4FA6-BC90-CCC6F110A3EE}.Release|Any CPU.ActiveCfg = Release|Any CPU
		{848973E9-939D-4FA6-BC90-CCC6F110A3EE}.Release|Any CPU.Build.0 = Release|Any CPU
	EndGlobalSection
	GlobalSection(SolutionProperties) = preSolution
		HideSolutionNode = FALSE
	EndGlobalSection
EndGlobal
